
Microsoft Visual Studio Solution File, Format Version 12.00
# Visual Studio 2013
VisualStudioVersion = 12.0.31101.0
MinimumVisualStudioVersion = 10.0.40219.1
Project("{FAE04EC0-301F-11D3-BF4B-00C04F79EFBC}") = "mr.mappy", "mr.mappy\mr.mappy.csproj", "{F9DDA78E-5CD3-4FEC-A039-4B26C6985AE0}"
EndProject
Global
	GlobalSection(SolutionConfigurationPlatforms) = preSolution
		Debug|Any CPU = Debug|Any CPU
		Release|Any CPU = Release|Any CPU
	EndGlobalSection
	GlobalSection(ProjectConfigurationPlatforms) = postSolution
		{F9DDA78E-5CD3-4FEC-A039-4B26C6985AE0}.Debug|Any CPU.ActiveCfg = Debug|Any CPU
		{F9DDA78E-5CD3-4FEC-A039-4B26C6985AE0}.Debug|Any CPU.Build.0 = Debug|Any CPU
		{F9DDA78E-5CD3-4FEC-A039-4B26C6985AE0}.Release|Any CPU.ActiveCfg = Release|Any CPU
		{F9DDA78E-5CD3-4FEC-A039-4B26C6985AE0}.Release|Any CPU.Build.0 = Release|Any CPU
	EndGlobalSection
	GlobalSection(SolutionProperties) = preSolution
		HideSolutionNode = FALSE
	EndGlobalSection
EndGlobal
